
Microsoft Visual Studio Solution File, Format Version 12.00
# Visual Studio Version 17
VisualStudioVersion = 17.4.33403.182
MinimumVisualStudioVersion = 10.0.40219.1
Project("{FAE04EC0-301F-11D3-BF4B-00C04F79EFBC}") = "Puzzle Ar", "Puzzle Ar.csproj", "{BEFD52B5-8201-447F-8518-614C71268083}"
EndProject
Global
	GlobalSection(SolutionConfigurationPlatforms) = preSolution
		Debug|Any CPU = Debug|Any CPU
		Release|Any CPU = Release|Any CPU
	EndGlobalSection
	GlobalSection(ProjectConfigurationPlatforms) = postSolution
		{BEFD52B5-8201-447F-8518-614C71268083}.Debug|Any CPU.ActiveCfg = Debug|Any CPU
		{BEFD52B5-8201-447F-8518-614C71268083}.Debug|Any CPU.Build.0 = Debug|Any CPU
		{BEFD52B5-8201-447F-8518-614C71268083}.Release|Any CPU.ActiveCfg = Release|Any CPU
		{BEFD52B5-8201-447F-8518-614C71268083}.Release|Any CPU.Build.0 = Release|Any CPU
	EndGlobalSection
	GlobalSection(SolutionProperties) = preSolution
		HideSolutionNode = FALSE
	EndGlobalSection
	GlobalSection(ExtensibilityGlobals) = postSolution
		SolutionGuid = {656E5916-7141-4D80-8EED-EA5FD36F99D3}
	EndGlobalSection
EndGlobal
