
Microsoft Visual Studio Solution File, Format Version 12.00
# Visual Studio Version 17
VisualStudioVersion = 17.4.33110.190
MinimumVisualStudioVersion = 10.0.40219.1
Project("{FAE04EC0-301F-11D3-BF4B-00C04F79EFBC}") = "Datos", "Datos\Datos.csproj", "{8D49331B-E2AB-48BA-88FB-F91997DB1933}"
EndProject
Project("{FAE04EC0-301F-11D3-BF4B-00C04F79EFBC}") = "Logica", "Logica\Logica.csproj", "{6C7003CC-FF54-4CCA-BD61-3963BEC4C2DC}"
EndProject
Project("{FAE04EC0-301F-11D3-BF4B-00C04F79EFBC}") = "Presentacion", "Presentacion\Presentacion.csproj", "{1298DC5E-DF66-4B0A-A923-A86FB7265C05}"
EndProject
Project("{FAE04EC0-301F-11D3-BF4B-00C04F79EFBC}") = "Entidades", "Entidades\Entidades.csproj", "{CC506AC2-AA75-4C95-ACCF-32097042A3A2}"
EndProject
Project("{FAE04EC0-301F-11D3-BF4B-00C04F79EFBC}") = "Prueba", "Prueba\Prueba.csproj", "{5B868D03-B5CA-49E2-8411-45D4CF2FB581}"
EndProject
Global
	GlobalSection(SolutionConfigurationPlatforms) = preSolution
		Debug|Any CPU = Debug|Any CPU
		Release|Any CPU = Release|Any CPU
	EndGlobalSection
	GlobalSection(ProjectConfigurationPlatforms) = postSolution
		{8D49331B-E2AB-48BA-88FB-F91997DB1933}.Debug|Any CPU.ActiveCfg = Debug|Any CPU
		{8D49331B-E2AB-48BA-88FB-F91997DB1933}.Debug|Any CPU.Build.0 = Debug|Any CPU
		{8D49331B-E2AB-48BA-88FB-F91997DB1933}.Release|Any CPU.ActiveCfg = Release|Any CPU
		{8D49331B-E2AB-48BA-88FB-F91997DB1933}.Release|Any CPU.Build.0 = Release|Any CPU
		{6C7003CC-FF54-4CCA-BD61-3963BEC4C2DC}.Debug|Any CPU.ActiveCfg = Debug|Any CPU
		{6C7003CC-FF54-4CCA-BD61-3963BEC4C2DC}.Debug|Any CPU.Build.0 = Debug|Any CPU
		{6C7003CC-FF54-4CCA-BD61-3963BEC4C2DC}.Release|Any CPU.ActiveCfg = Release|Any CPU
		{6C7003CC-FF54-4CCA-BD61-3963BEC4C2DC}.Release|Any CPU.Build.0 = Release|Any CPU
		{1298DC5E-DF66-4B0A-A923-A86FB7265C05}.Debug|Any CPU.ActiveCfg = Debug|Any CPU
		{1298DC5E-DF66-4B0A-A923-A86FB7265C05}.Debug|Any CPU.Build.0 = Debug|Any CPU
		{1298DC5E-DF66-4B0A-A923-A86FB7265C05}.Release|Any CPU.ActiveCfg = Release|Any CPU
		{1298DC5E-DF66-4B0A-A923-A86FB7265C05}.Release|Any CPU.Build.0 = Release|Any CPU
		{CC506AC2-AA75-4C95-ACCF-32097042A3A2}.Debug|Any CPU.ActiveCfg = Debug|Any CPU
		{CC506AC2-AA75-4C95-ACCF-32097042A3A2}.Debug|Any CPU.Build.0 = Debug|Any CPU
		{CC506AC2-AA75-4C95-ACCF-32097042A3A2}.Release|Any CPU.ActiveCfg = Release|Any CPU
		{CC506AC2-AA75-4C95-ACCF-32097042A3A2}.Release|Any CPU.Build.0 = Release|Any CPU
		{5B868D03-B5CA-49E2-8411-45D4CF2FB581}.Debug|Any CPU.ActiveCfg = Debug|Any CPU
		{5B868D03-B5CA-49E2-8411-45D4CF2FB581}.Debug|Any CPU.Build.0 = Debug|Any CPU
		{5B868D03-B5CA-49E2-8411-45D4CF2FB581}.Release|Any CPU.ActiveCfg = Release|Any CPU
		{5B868D03-B5CA-49E2-8411-45D4CF2FB581}.Release|Any CPU.Build.0 = Release|Any CPU
	EndGlobalSection
	GlobalSection(SolutionProperties) = preSolution
		HideSolutionNode = FALSE
	EndGlobalSection
	GlobalSection(ExtensibilityGlobals) = postSolution
		SolutionGuid = {896D09F6-BBB8-442E-A9A9-2946C589B44F}
	EndGlobalSection
EndGlobal
